
Microsoft Visual Studio Solution File, Format Version 12.00
# Visual Studio 15
VisualStudioVersion = 15.0.26730.16
MinimumVisualStudioVersion = 10.0.40219.1
Project("{8BC9CEB8-8B4A-11D0-8D11-00A0C91BC942}") = "FileTools2(AnthonyFierro)", "FileTools2(AnthonyFierro)\FileTools2(AnthonyFierro).vcxproj", "{3861C329-00ED-436C-B6E9-A5FD5D058B1E}"
EndProject
Global
	GlobalSection(SolutionConfigurationPlatforms) = preSolution
		Debug|x64 = Debug|x64
		Debug|x86 = Debug|x86
		Release|x64 = Release|x64
		Release|x86 = Release|x86
	EndGlobalSection
	GlobalSection(ProjectConfigurationPlatforms) = postSolution
		{3861C329-00ED-436C-B6E9-A5FD5D058B1E}.Debug|x64.ActiveCfg = Debug|x64
		{3861C329-00ED-436C-B6E9-A5FD5D058B1E}.Debug|x64.Build.0 = Debug|x64
		{3861C329-00ED-436C-B6E9-A5FD5D058B1E}.Debug|x86.ActiveCfg = Debug|Win32
		{3861C329-00ED-436C-B6E9-A5FD5D058B1E}.Debug|x86.Build.0 = Debug|Win32
		{3861C329-00ED-436C-B6E9-A5FD5D058B1E}.Release|x64.ActiveCfg = Release|x64
		{3861C329-00ED-436C-B6E9-A5FD5D058B1E}.Release|x64.Build.0 = Release|x64
		{3861C329-00ED-436C-B6E9-A5FD5D058B1E}.Release|x86.ActiveCfg = Release|Win32
		{3861C329-00ED-436C-B6E9-A5FD5D058B1E}.Release|x86.Build.0 = Release|Win32
	EndGlobalSection
	GlobalSection(SolutionProperties) = preSolution
		HideSolutionNode = FALSE
	EndGlobalSection
	GlobalSection(ExtensibilityGlobals) = postSolution
		SolutionGuid = {545B967F-92BE-46F5-9411-CCFEDCD11417}
	EndGlobalSection
EndGlobal
