
Microsoft Visual Studio Solution File, Format Version 12.00
# Visual Studio 15
VisualStudioVersion = 15.0.26730.12
MinimumVisualStudioVersion = 10.0.40219.1
Project("{8BC9CEB8-8B4A-11D0-8D11-00A0C91BC942}") = "FinslProject", "FinslProject\FinslProject.vcxproj", "{F0E25067-9C3B-46E2-8264-E574F9D0EDA4}"
EndProject
Global
	GlobalSection(SolutionConfigurationPlatforms) = preSolution
		Debug|x64 = Debug|x64
		Debug|x86 = Debug|x86
		Release|x64 = Release|x64
		Release|x86 = Release|x86
	EndGlobalSection
	GlobalSection(ProjectConfigurationPlatforms) = postSolution
		{F0E25067-9C3B-46E2-8264-E574F9D0EDA4}.Debug|x64.ActiveCfg = Debug|x64
		{F0E25067-9C3B-46E2-8264-E574F9D0EDA4}.Debug|x64.Build.0 = Debug|x64
		{F0E25067-9C3B-46E2-8264-E574F9D0EDA4}.Debug|x86.ActiveCfg = Debug|Win32
		{F0E25067-9C3B-46E2-8264-E574F9D0EDA4}.Debug|x86.Build.0 = Debug|Win32
		{F0E25067-9C3B-46E2-8264-E574F9D0EDA4}.Release|x64.ActiveCfg = Release|x64
		{F0E25067-9C3B-46E2-8264-E574F9D0EDA4}.Release|x64.Build.0 = Release|x64
		{F0E25067-9C3B-46E2-8264-E574F9D0EDA4}.Release|x86.ActiveCfg = Release|Win32
		{F0E25067-9C3B-46E2-8264-E574F9D0EDA4}.Release|x86.Build.0 = Release|Win32
	EndGlobalSection
	GlobalSection(SolutionProperties) = preSolution
		HideSolutionNode = FALSE
	EndGlobalSection
	GlobalSection(ExtensibilityGlobals) = postSolution
		SolutionGuid = {77051831-9D39-4D42-9BA8-F6F0C4CC0083}
	EndGlobalSection
EndGlobal
